
Microsoft Visual Studio Solution File, Format Version 12.00
# Visual Studio Version 17
VisualStudioVersion = 17.2.32526.322
MinimumVisualStudioVersion = 10.0.40219.1
Project("{FAE04EC0-301F-11D3-BF4B-00C04F79EFBC}") = "Lyralabs.OpenRA.PrivateServerUI", "Lyralabs.OpenRA.PrivateServerUI\Lyralabs.OpenRA.PrivateServerUI.csproj", "{60AE6848-062E-4180-9C20-680F1B5E7926}"
EndProject
Project("{2150E333-8FDC-42A3-9474-1A3956D46DE8}") = "Solution Items", "Solution Items", "{F593AD38-3885-4715-BC60-FDF22FDC887B}"
	ProjectSection(SolutionItems) = preProject
		.gitattributes = .gitattributes
		.gitignore = .gitignore
		LICENSE.txt = LICENSE.txt
		openra-private-server-ui.service = openra-private-server-ui.service
		README.md = README.md
	EndProjectSection
EndProject
Global
	GlobalSection(SolutionConfigurationPlatforms) = preSolution
		Debug|Any CPU = Debug|Any CPU
		Release|Any CPU = Release|Any CPU
	EndGlobalSection
	GlobalSection(ProjectConfigurationPlatforms) = postSolution
		{60AE6848-062E-4180-9C20-680F1B5E7926}.Debug|Any CPU.ActiveCfg = Debug|Any CPU
		{60AE6848-062E-4180-9C20-680F1B5E7926}.Debug|Any CPU.Build.0 = Debug|Any CPU
		{60AE6848-062E-4180-9C20-680F1B5E7926}.Release|Any CPU.ActiveCfg = Release|Any CPU
		{60AE6848-062E-4180-9C20-680F1B5E7926}.Release|Any CPU.Build.0 = Release|Any CPU
	EndGlobalSection
	GlobalSection(SolutionProperties) = preSolution
		HideSolutionNode = FALSE
	EndGlobalSection
	GlobalSection(ExtensibilityGlobals) = postSolution
		SolutionGuid = {77156B55-1E13-4D69-A6FF-638ED40DDF34}
	EndGlobalSection
EndGlobal
